
Microsoft Visual Studio Solution File, Format Version 12.00
# Visual Studio Version 17
VisualStudioVersion = 17.5.33530.505
MinimumVisualStudioVersion = 10.0.40219.1
Project("{FAE04EC0-301F-11D3-BF4B-00C04F79EFBC}") = "WebApplication1", "WebApplication1\WebApplication1.csproj", "{5DEB7486-6CC3-4B47-9297-6C53E992BED5}"
EndProject
Project("{FAE04EC0-301F-11D3-BF4B-00C04F79EFBC}") = "restapi", "restapi\restapi.csproj", "{11F77028-E78A-4D80-8B05-7375E71DB113}"
EndProject
Global
	GlobalSection(SolutionConfigurationPlatforms) = preSolution
		Debug|Any CPU = Debug|Any CPU
		Release|Any CPU = Release|Any CPU
	EndGlobalSection
	GlobalSection(ProjectConfigurationPlatforms) = postSolution
		{5DEB7486-6CC3-4B47-9297-6C53E992BED5}.Debug|Any CPU.ActiveCfg = Debug|Any CPU
		{5DEB7486-6CC3-4B47-9297-6C53E992BED5}.Debug|Any CPU.Build.0 = Debug|Any CPU
		{5DEB7486-6CC3-4B47-9297-6C53E992BED5}.Release|Any CPU.ActiveCfg = Release|Any CPU
		{5DEB7486-6CC3-4B47-9297-6C53E992BED5}.Release|Any CPU.Build.0 = Release|Any CPU
		{11F77028-E78A-4D80-8B05-7375E71DB113}.Debug|Any CPU.ActiveCfg = Debug|Any CPU
		{11F77028-E78A-4D80-8B05-7375E71DB113}.Debug|Any CPU.Build.0 = Debug|Any CPU
		{11F77028-E78A-4D80-8B05-7375E71DB113}.Release|Any CPU.ActiveCfg = Release|Any CPU
		{11F77028-E78A-4D80-8B05-7375E71DB113}.Release|Any CPU.Build.0 = Release|Any CPU
	EndGlobalSection
	GlobalSection(SolutionProperties) = preSolution
		HideSolutionNode = FALSE
	EndGlobalSection
	GlobalSection(ExtensibilityGlobals) = postSolution
		SolutionGuid = {FDB6EDA8-6031-490D-9A3D-2AD5707022C6}
	EndGlobalSection
EndGlobal
